// !$*UTF8*$!
{
	archiveVersion = 1;
	classes = {
	};
	objectVersion = 46;
	objects = {

/* Begin PBXBuildFile section */
		CD2E61961C180269004E2E8D /* main.m in Sources */ = {isa = PBXBuildFile; fileRef = CD2E61951C180269004E2E8D /* main.m */; };
		CD2E61991C180269004E2E8D /* AppDelegate.m in Sources */ = {isa = PBXBuildFile; fileRef = CD2E61981C180269004E2E8D /* AppDelegate.m */; };
		CD2E619C1C180269004E2E8D /* ViewController.m in Sources */ = {isa = PBXBuildFile; fileRef = CD2E619B1C180269004E2E8D /* ViewController.m */; };
		CD2E619F1C180269004E2E8D /* Main.storyboard in Resources */ = {isa = PBXBuildFile; fileRef = CD2E619D1C180269004E2E8D /* Main.storyboard */; };
		CD2E61A11C180269004E2E8D /* Assets.xcassets in Resources */ = {isa = PBXBuildFile; fileRef = CD2E61A01C180269004E2E8D /* Assets.xcassets */; };
		CD2E61A41C180269004E2E8D /* LaunchScreen.storyboard in Resources */ = {isa = PBXBuildFile; fileRef = CD2E61A21C180269004E2E8D /* LaunchScreen.storyboard */; };
		CD2E61AC1C1803CC004E2E8D /* expandableImage@2x.png in Resources */ = {isa = PBXBuildFile; fileRef = CD2E61AB1C1803CC004E2E8D /* expandableImage@2x.png */; };
		CD2E61B21C182B13004E2E8D /* DropDownMenu.m in Sources */ = {isa = PBXBuildFile; fileRef = CD2E61B11C182B13004E2E8D /* DropDownMenu.m */; };
/* End PBXBuildFile section */

/* Begin PBXFileReference section */
		CD2E61911C180269004E2E8D /* dropDownMenuTest.app */ = {isa = PBXFileReference; explicitFileType = wrapper.application; includeInIndex = 0; path = dropDownMenuTest.app; sourceTree = BUILT_PRODUCTS_DIR; };
		CD2E61951C180269004E2E8D /* main.m */ = {isa = PBXFileReference; lastKnownFileType = sourcecode.c.objc; path = main.m; sourceTree = "<group>"; };
		CD2E61971C180269004E2E8D /* AppDelegate.h */ = {isa = PBXFileReference; lastKnownFileType = sourcecode.c.h; path = AppDelegate.h; sourceTree = "<group>"; };
		CD2E61981C180269004E2E8D /* AppDelegate.m */ = {isa = PBXFileReference; lastKnownFileType = sourcecode.c.objc; path = AppDelegate.m; sourceTree = "<group>"; };
		CD2E619A1C180269004E2E8D /* ViewController.h */ = {isa = PBXFileReference; lastKnownFileType = sourcecode.c.h; path = ViewController.h; sourceTree = "<group>"; };
		CD2E619B1C180269004E2E8D /* ViewController.m */ = {isa = PBXFileReference; lastKnownFileType = sourcecode.c.objc; path = ViewController.m; sourceTree = "<group>"; };
		CD2E619E1C180269004E2E8D /* Base */ = {isa = PBXFileReference; lastKnownFileType = file.storyboard; name = Base; path = Base.lproj/Main.storyboard; sourceTree = "<group>"; };
		CD2E61A01C180269004E2E8D /* Assets.xcassets */ = {isa = PBXFileReference; lastKnownFileType = folder.assetcatalog; path = Assets.xcassets; sourceTree = "<group>"; };
		CD2E61A31C180269004E2E8D /* Base */ = {isa = PBXFileReference; lastKnownFileType = file.storyboard; name = Base; path = Base.lproj/LaunchScreen.storyboard; sourceTree = "<group>"; };
		CD2E61A51C180269004E2E8D /* Info.plist */ = {isa = PBXFileReference; lastKnownFileType = text.plist.xml; path = Info.plist; sourceTree = "<group>"; };
		CD2E61AB1C1803CC004E2E8D /* expandableImage@2x.png */ = {isa = PBXFileReference; lastKnownFileType = image.png; path = "expandableImage@2x.png"; sourceTree = "<group>"; };
		CD2E61B01C182B13004E2E8D /* DropDownMenu.h */ = {isa = PBXFileReference; fileEncoding = 4; lastKnownFileType = sourcecode.c.h; path = DropDownMenu.h; sourceTree = "<group>"; };
		CD2E61B11C182B13004E2E8D /* DropDownMenu.m */ = {isa = PBXFileReference; fileEncoding = 4; lastKnownFileType = sourcecode.c.objc; path = DropDownMenu.m; sourceTree = "<group>"; };
/* End PBXFileReference section */

/* Begin PBXFrameworksBuildPhase section */
		CD2E618E1C180269004E2E8D /* Frameworks */ = {
			isa = PBXFrameworksBuildPhase;
			buildActionMask = 2147483647;
			files = (
			);
			runOnlyForDeploymentPostprocessing = 0;
		};
/* End PBXFrameworksBuildPhase section */

/* Begin PBXGroup section */
		CD2E61881C180269004E2E8D = {
			isa = PBXGroup;
			children = (
				CD2E61931C180269004E2E8D /* dropDownMenuTest */,
				CD2E61921C180269004E2E8D /* Products */,
			);
			sourceTree = "<group>";
		};
		CD2E61921C180269004E2E8D /* Products */ = {
			isa = PBXGroup;
			children = (
				CD2E61911C180269004E2E8D /* dropDownMenuTest.app */,
			);
			name = Products;
			sourceTree = "<group>";
		};
		CD2E61931C180269004E2E8D /* dropDownMenuTest */ = {
			isa = PBXGroup;
			children = (
				CD2E61971C180269004E2E8D /* AppDelegate.h */,
				CD2E61981C180269004E2E8D /* AppDelegate.m */,
				CD2E619A1C180269004E2E8D /* ViewController.h */,
				CD2E619B1C180269004E2E8D /* ViewController.m */,
				CD2E619D1C180269004E2E8D /* Main.storyboard */,
				CD2E61AB1C1803CC004E2E8D /* expandableImage@2x.png */,
				CD2E61A01C180269004E2E8D /* Assets.xcassets */,
				CD2E61A21C180269004E2E8D /* LaunchScreen.storyboard */,
				CD2E61A51C180269004E2E8D /* Info.plist */,
				CD2E61941C180269004E2E8D /* Supporting Files */,
				CD2E61B01C182B13004E2E8D /* DropDownMenu.h */,
				CD2E61B11C182B13004E2E8D /* DropDownMenu.m */,
			);
			path = dropDownMenuTest;
			sourceTree = "<group>";
		};
		CD2E61941C180269004E2E8D /* Supporting Files */ = {
			isa = PBXGroup;
			children = (
				CD2E61951C180269004E2E8D /* main.m */,
			);
			name = "Supporting Files";
			sourceTree = "<group>";
		};
/* End PBXGroup section */

/* Begin PBXNativeTarget section */
		CD2E61901C180269004E2E8D /* dropDownMenuTest */ = {
			isa = PBXNativeTarget;
			buildConfigurationList = CD2E61A81C180269004E2E8D /* Build configuration list for PBXNativeTarget "dropDownMenuTest" */;
			buildPhases = (
				CD2E618D1C180269004E2E8D /* Sources */,
				CD2E618E1C180269004E2E8D /* Frameworks */,
				CD2E618F1C180269004E2E8D /* Resources */,
			);
			buildRules = (
			);
			dependencies = (
			);
			name = dropDownMenuTest;
			productName = dropDownMenuTest;
			productReference = CD2E61911C180269004E2E8D /* dropDownMenuTest.app */;
			productType = "com.apple.product-type.application";
		};
/* End PBXNativeTarget section */

/* Begin PBXProject section */
		CD2E61891C180269004E2E8D /* Project object */ = {
			isa = PBXProject;
			attributes = {
				LastUpgradeCheck = 0710;
				ORGANIZATIONNAME = Kenton;
				TargetAttributes = {
					CD2E61901C180269004E2E8D = {
						CreatedOnToolsVersion = 7.1.1;
					};
				};
			};
			buildConfigurationList = CD2E618C1C180269004E2E8D /* Build configuration list for PBXProject "dropDownMenuTest" */;
			compatibilityVersion = "Xcode 3.2";
			developmentRegion = English;
			hasScannedForEncodings = 0;
			knownRegions = (
				en,
				Base,
			);
			mainGroup = CD2E61881C180269004E2E8D;
			productRefGroup = CD2E61921C180269004E2E8D /* Products */;
			projectDirPath = "";
			projectRoot = "";
			targets = (
				CD2E61901C180269004E2E8D /* dropDownMenuTest */,
			);
		};
/* End PBXProject section */

/* Begin PBXResourcesBuildPhase section */
		CD2E618F1C180269004E2E8D /* Resources */ = {
			isa = PBXResourcesBuildPhase;
			buildActionMask = 2147483647;
			files = (
				CD2E61A41C180269004E2E8D /* LaunchScreen.storyboard in Resources */,
				CD2E61A11C180269004E2E8D /* Assets.xcassets in Resources */,
				CD2E61AC1C1803CC004E2E8D /* expandableImage@2x.png in Resources */,
				CD2E619F1C180269004E2E8D /* Main.storyboard in Resources */,
			);
			runOnlyForDeploymentPostprocessing = 0;
		};
/* End PBXResourcesBuildPhase section */

/* Begin PBXSourcesBuildPhase section */
		CD2E618D1C180269004E2E8D /* Sources */ = {
			isa = PBXSourcesBuildPhase;
			buildActionMask = 2147483647;
			files = (
				CD2E619C1C180269004E2E8D /* ViewController.m in Sources */,
				CD2E61991C180269004E2E8D /* AppDelegate.m in Sources */,
				CD2E61961C180269004E2E8D /* main.m in Sources */,
				CD2E61B21C182B13004E2E8D /* DropDownMenu.m in Sources */,
			);
			runOnlyForDeploymentPostprocessing = 0;
		};
/* End PBXSourcesBuildPhase section */

/* Begin PBXVariantGroup section */
		CD2E619D1C180269004E2E8D /* Main.storyboard */ = {
			isa = PBXVariantGroup;
			children = (
				CD2E619E1C180269004E2E8D /* Base */,
			);
			name = Main.storyboard;
			sourceTree = "<group>";
		};
		CD2E61A21C180269004E2E8D /* LaunchScreen.storyboard */ = {
			isa = PBXVariantGroup;
			children = (
				CD2E61A31C180269004E2E8D /* Base */,
			);
			name = LaunchScreen.storyboard;
			sourceTree = "<group>";
		};
/* End PBXVariantGroup section */

/* Begin XCBuildConfiguration section */
		CD2E61A61C180269004E2E8D /* Debug */ = {
			isa = XCBuildConfiguration;
			buildSettings = {
				ALWAYS_SEARCH_USER_PATHS = NO;
				CLANG_CXX_LANGUAGE_STANDARD = "gnu++0x";
				CLANG_CXX_LIBRARY = "libc++";
				CLANG_ENABLE_MODULES = YES;
				CLANG_ENABLE_OBJC_ARC = YES;
				CLANG_WARN_BOOL_CONVERSION = YES;
				CLANG_WARN_CONSTANT_CONVERSION = YES;
				CLANG_WARN_DIRECT_OBJC_ISA_USAGE = YES_ERROR;
				CLANG_WARN_EMPTY_BODY = YES;
				CLANG_WARN_ENUM_CONVERSION = YES;
				CLANG_WARN_INT_CONVERSION = YES;
				CLANG_WARN_OBJC_ROOT_CLASS = YES_ERROR;
				CLANG_WARN_UNREACHABLE_CODE = YES;
				CLANG_WARN__DUPLICATE_METHOD_MATCH = YES;
				"CODE_SIGN_IDENTITY[sdk=iphoneos*]" = "iPhone Developer";
				COPY_PHASE_STRIP = NO;
				DEBUG_INFORMATION_FORMAT = dwarf;
				ENABLE_STRICT_OBJC_MSGSEND = YES;
				ENABLE_TESTABILITY = YES;
				GCC_C_LANGUAGE_STANDARD = gnu99;
				GCC_DYNAMIC_NO_PIC = NO;
				GCC_NO_COMMON_BLOCKS = YES;
				GCC_OPTIMIZATION_LEVEL = 0;
				GCC_PREPROCESSOR_DEFINITIONS = (
					"DEBUG=1",
					"$(inherited)",
				);
				GCC_WARN_64_TO_32_BIT_CONVERSION = YES;
				GCC_WARN_ABOUT_RETURN_TYPE = YES_ERROR;
				GCC_WARN_UNDECLARED_SELECTOR = YES;
				GCC_WARN_UNINITIALIZED_AUTOS = YES_AGGRESSIVE;
				GCC_WARN_UNUSED_FUNCTION = YES;
				GCC_WARN_UNUSED_VARIABLE = YES;
				IPHONEOS_DEPLOYMENT_TARGET = 9.1;
				MTL_ENABLE_DEBUG_INFO = YES;
				ONLY_ACTIVE_ARCH = YES;
				SDKROOT = iphoneos;
			};
			name = Debug;
		};
		CD2E61A71C180269004E2E8D /* Release */ = {
			isa = XCBuildConfiguration;
			buildSettings = {
				ALWAYS_SEARCH_USER_PATHS = NO;
				CLANG_CXX_LANGUAGE_STANDARD = "gnu++0x";
				CLANG_CXX_LIBRARY = "libc++";
				CLANG_ENABLE_MODULES = YES;
				CLANG_ENABLE_OBJC_ARC = YES;
				CLANG_WARN_BOOL_CONVERSION = YES;
				CLANG_WARN_CONSTANT_CONVERSION = YES;
				CLANG_WARN_DIRECT_OBJC_ISA_USAGE = YES_ERROR;
				CLANG_WARN_EMPTY_BODY = YES;
				CLANG_WARN_ENUM_CONVERSION = YES;
				CLANG_WARN_INT_CONVERSION = YES;
				CLANG_WARN_OBJC_ROOT_CLASS = YES_ERROR;
				CLANG_WARN_UNREACHABLE_CODE = YES;
				CLANG_WARN__DUPLICATE_METHOD_MATCH = YES;
				"CODE_SIGN_IDENTITY[sdk=iphoneos*]" = "iPhone Developer";
				COPY_PHASE_STRIP = NO;
				DEBUG_INFORMATION_FORMAT = "dwarf-with-dsym";
				ENABLE_NS_ASSERTIONS = NO;
				ENABLE_STRICT_OBJC_MSGSEND = YES;
				GCC_C_LANGUAGE_STANDARD = gnu99;
				GCC_NO_COMMON_BLOCKS = YES;
				GCC_WARN_64_TO_32_BIT_CONVERSION = YES;
				GCC_WARN_ABOUT_RETURN_TYPE = YES_ERROR;
				GCC_WARN_UNDECLARED_SELECTOR = YES;
				GCC_WARN_UNINITIALIZED_AUTOS = YES_AGGRESSIVE;
				GCC_WARN_UNUSED_FUNCTION = YES;
				GCC_WARN_UNUSED_VARIABLE = YES;
				IPHONEOS_DEPLOYMENT_TARGET = 9.1;
				MTL_ENABLE_DEBUG_INFO = NO;
				SDKROOT = iphoneos;
				VALIDATE_PRODUCT = YES;
			};
			name = Release;
		};
		CD2E61A91C180269004E2E8D /* Debug */ = {
			isa = XCBuildConfiguration;
			buildSettings = {
				ASSETCATALOG_COMPILER_APPICON_NAME = AppIcon;
				INFOPLIST_FILE = dropDownMenuTest/Info.plist;
				LD_RUNPATH_SEARCH_PATHS = "$(inherited) @executable_path/Frameworks";
				PRODUCT_BUNDLE_IDENTIFIER = gemteks.com.dropDownMenuTest;
				PRODUCT_NAME = "$(TARGET_NAME)";
			};
			name = Debug;
		};
		CD2E61AA1C180269004E2E8D /* Release */ = {
			isa = XCBuildConfiguration;
			buildSettings = {
				ASSETCATALOG_COMPILER_APPICON_NAME = AppIcon;
				INFOPLIST_FILE = dropDownMenuTest/Info.plist;
				LD_RUNPATH_SEARCH_PATHS = "$(inherited) @executable_path/Frameworks";
				PRODUCT_BUNDLE_IDENTIFIER = gemteks.com.dropDownMenuTest;
				PRODUCT_NAME = "$(TARGET_NAME)";
			};
			name = Release;
		};
/* End XCBuildConfiguration section */

/* Begin XCConfigurationList section */
		CD2E618C1C180269004E2E8D /* Build configuration list for PBXProject "dropDownMenuTest" */ = {
			isa = XCConfigurationList;
			buildConfigurations = (
				CD2E61A61C180269004E2E8D /* Debug */,
				CD2E61A71C180269004E2E8D /* Release */,
			);
			defaultConfigurationIsVisible = 0;
			defaultConfigurationName = Release;
		};
		CD2E61A81C180269004E2E8D /* Build configuration list for PBXNativeTarget "dropDownMenuTest" */ = {
			isa = XCConfigurationList;
			buildConfigurations = (
				CD2E61A91C180269004E2E8D /* Debug */,
				CD2E61AA1C180269004E2E8D /* Release */,
			);
			defaultConfigurationIsVisible = 0;
		};
/* End XCConfigurationList section */
	};
	rootObject = CD2E61891C180269004E2E8D /* Project object */;
}
